
Microsoft Visual Studio Solution File, Format Version 12.00
# Visual Studio Express 15 for Windows Desktop
VisualStudioVersion = 15.0.34930.48
MinimumVisualStudioVersion = 10.0.40219.1
Project("{FAE04EC0-301F-11D3-BF4B-00C04F79EFBC}") = "InjectorInspector", "InjectorInspector.csproj", "{4BC7AEFA-BA94-44EC-A1A8-C74A42E0A155}"
EndProject
Project("{FAE04EC0-301F-11D3-BF4B-00C04F79EFBC}") = "Inspector", "Inspector\Inspector.csproj", "{0CC9E3B9-D31B-45F0-B75B-787CF027AECA}"
EndProject
Global
	GlobalSection(SolutionConfigurationPlatforms) = preSolution
		Debug|Any CPU = Debug|Any CPU
		Release|Any CPU = Release|Any CPU
	EndGlobalSection
	GlobalSection(ProjectConfigurationPlatforms) = postSolution
		{4BC7AEFA-BA94-44EC-A1A8-C74A42E0A155}.Debug|Any CPU.ActiveCfg = Debug|Any CPU
		{4BC7AEFA-BA94-44EC-A1A8-C74A42E0A155}.Debug|Any CPU.Build.0 = Debug|Any CPU
		{4BC7AEFA-BA94-44EC-A1A8-C74A42E0A155}.Release|Any CPU.ActiveCfg = Release|Any CPU
		{4BC7AEFA-BA94-44EC-A1A8-C74A42E0A155}.Release|Any CPU.Build.0 = Release|Any CPU
		{0CC9E3B9-D31B-45F0-B75B-787CF027AECA}.Debug|Any CPU.ActiveCfg = Debug|Any CPU
		{0CC9E3B9-D31B-45F0-B75B-787CF027AECA}.Debug|Any CPU.Build.0 = Debug|Any CPU
		{0CC9E3B9-D31B-45F0-B75B-787CF027AECA}.Release|Any CPU.ActiveCfg = Release|Any CPU
		{0CC9E3B9-D31B-45F0-B75B-787CF027AECA}.Release|Any CPU.Build.0 = Release|Any CPU
	EndGlobalSection
	GlobalSection(SolutionProperties) = preSolution
		HideSolutionNode = FALSE
	EndGlobalSection
	GlobalSection(ExtensibilityGlobals) = postSolution
		SolutionGuid = {61FF830B-F386-4BD9-AA30-3DB246EB51D7}
	EndGlobalSection
EndGlobal
